// !$*UTF8*$!
{
	archiveVersion = 1;
	classes = {
	};
	objectVersion = 50;
	objects = {

/* Begin PBXBuildFile section */
		50150F6126DB6C89006D4BDC /* AppDelegate.swift in Sources */ = {isa = PBXBuildFile; fileRef = 50150F6026DB6C89006D4BDC /* AppDelegate.swift */; };
		50150F6326DB6C89006D4BDC /* SceneDelegate.swift in Sources */ = {isa = PBXBuildFile; fileRef = 50150F6226DB6C89006D4BDC /* SceneDelegate.swift */; };
		50150F6526DB6C89006D4BDC /* ViewController.swift in Sources */ = {isa = PBXBuildFile; fileRef = 50150F6426DB6C89006D4BDC /* ViewController.swift */; };
		50150F6826DB6C89006D4BDC /* Main.storyboard in Resources */ = {isa = PBXBuildFile; fileRef = 50150F6626DB6C89006D4BDC /* Main.storyboard */; };
		50150F6A26DB6C93006D4BDC /* Assets.xcassets in Resources */ = {isa = PBXBuildFile; fileRef = 50150F6926DB6C93006D4BDC /* Assets.xcassets */; };
		50150F6D26DB6C93006D4BDC /* LaunchScreen.storyboard in Resources */ = {isa = PBXBuildFile; fileRef = 50150F6B26DB6C93006D4BDC /* LaunchScreen.storyboard */; };
/* End PBXBuildFile section */

/* Begin PBXFileReference section */
		50150F5D26DB6C89006D4BDC /* patika_Bootcamp_Odev_1_hafta.app */ = {isa = PBXFileReference; explicitFileType = wrapper.application; includeInIndex = 0; path = patika_Bootcamp_Odev_1_hafta.app; sourceTree = BUILT_PRODUCTS_DIR; };
		50150F6026DB6C89006D4BDC /* AppDelegate.swift */ = {isa = PBXFileReference; lastKnownFileType = sourcecode.swift; path = AppDelegate.swift; sourceTree = "<group>"; };
		50150F6226DB6C89006D4BDC /* SceneDelegate.swift */ = {isa = PBXFileReference; lastKnownFileType = sourcecode.swift; path = SceneDelegate.swift; sourceTree = "<group>"; };
		50150F6426DB6C89006D4BDC /* ViewController.swift */ = {isa = PBXFileReference; lastKnownFileType = sourcecode.swift; path = ViewController.swift; sourceTree = "<group>"; };
		50150F6726DB6C89006D4BDC /* Base */ = {isa = PBXFileReference; lastKnownFileType = file.storyboard; name = Base; path = Base.lproj/Main.storyboard; sourceTree = "<group>"; };
		50150F6926DB6C93006D4BDC /* Assets.xcassets */ = {isa = PBXFileReference; lastKnownFileType = folder.assetcatalog; path = Assets.xcassets; sourceTree = "<group>"; };
		50150F6C26DB6C93006D4BDC /* Base */ = {isa = PBXFileReference; lastKnownFileType = file.storyboard; name = Base; path = Base.lproj/LaunchScreen.storyboard; sourceTree = "<group>"; };
		50150F6E26DB6C93006D4BDC /* Info.plist */ = {isa = PBXFileReference; lastKnownFileType = text.plist.xml; path = Info.plist; sourceTree = "<group>"; };
/* End PBXFileReference section */

/* Begin PBXFrameworksBuildPhase section */
		50150F5A26DB6C89006D4BDC /* Frameworks */ = {
			isa = PBXFrameworksBuildPhase;
			buildActionMask = 2147483647;
			files = (
			);
			runOnlyForDeploymentPostprocessing = 0;
		};
/* End PBXFrameworksBuildPhase section */

/* Begin PBXGroup section */
		50150F5426DB6C89006D4BDC = {
			isa = PBXGroup;
			children = (
				50150F5F26DB6C89006D4BDC /* patika_Bootcamp_Odev_1_hafta */,
				50150F5E26DB6C89006D4BDC /* Products */,
			);
			sourceTree = "<group>";
		};
		50150F5E26DB6C89006D4BDC /* Products */ = {
			isa = PBXGroup;
			children = (
				50150F5D26DB6C89006D4BDC /* patika_Bootcamp_Odev_1_hafta.app */,
			);
			name = Products;
			sourceTree = "<group>";
		};
		50150F5F26DB6C89006D4BDC /* patika_Bootcamp_Odev_1_hafta */ = {
			isa = PBXGroup;
			children = (
				50150F6026DB6C89006D4BDC /* AppDelegate.swift */,
				50150F6226DB6C89006D4BDC /* SceneDelegate.swift */,
				50150F6426DB6C89006D4BDC /* ViewController.swift */,
				50150F6626DB6C89006D4BDC /* Main.storyboard */,
				50150F6926DB6C93006D4BDC /* Assets.xcassets */,
				50150F6B26DB6C93006D4BDC /* LaunchScreen.storyboard */,
				50150F6E26DB6C93006D4BDC /* Info.plist */,
			);
			path = patika_Bootcamp_Odev_1_hafta;
			sourceTree = "<group>";
		};
/* End PBXGroup section */

/* Begin PBXNativeTarget section */
		50150F5C26DB6C89006D4BDC /* patika_Bootcamp_Odev_1_hafta */ = {
			isa = PBXNativeTarget;
			buildConfigurationList = 50150F7126DB6C93006D4BDC /* Build configuration list for PBXNativeTarget "patika_Bootcamp_Odev_1_hafta" */;
			buildPhases = (
				50150F5926DB6C89006D4BDC /* Sources */,
				50150F5A26DB6C89006D4BDC /* Frameworks */,
				50150F5B26DB6C89006D4BDC /* Resources */,
			);
			buildRules = (
			);
			dependencies = (
			);
			name = patika_Bootcamp_Odev_1_hafta;
			productName = patika_Bootcamp_Odev_1_hafta;
			productReference = 50150F5D26DB6C89006D4BDC /* patika_Bootcamp_Odev_1_hafta.app */;
			productType = "com.apple.product-type.application";
		};
/* End PBXNativeTarget section */

/* Begin PBXProject section */
		50150F5526DB6C89006D4BDC /* Project object */ = {
			isa = PBXProject;
			attributes = {
				LastSwiftUpdateCheck = 1250;
				LastUpgradeCheck = 1250;
				TargetAttributes = {
					50150F5C26DB6C89006D4BDC = {
						CreatedOnToolsVersion = 12.5.1;
					};
				};
			};
			buildConfigurationList = 50150F5826DB6C89006D4BDC /* Build configuration list for PBXProject "patika_Bootcamp_Odev_1_hafta" */;
			compatibilityVersion = "Xcode 9.3";
			developmentRegion = en;
			hasScannedForEncodings = 0;
			knownRegions = (
				en,
				Base,
			);
			mainGroup = 50150F5426DB6C89006D4BDC;
			productRefGroup = 50150F5E26DB6C89006D4BDC /* Products */;
			projectDirPath = "";
			projectRoot = "";
			targets = (
				50150F5C26DB6C89006D4BDC /* patika_Bootcamp_Odev_1_hafta */,
			);
		};
/* End PBXProject section */

/* Begin PBXResourcesBuildPhase section */
		50150F5B26DB6C89006D4BDC /* Resources */ = {
			isa = PBXResourcesBuildPhase;
			buildActionMask = 2147483647;
			files = (
				50150F6D26DB6C93006D4BDC /* LaunchScreen.storyboard in Resources */,
				50150F6A26DB6C93006D4BDC /* Assets.xcassets in Resources */,
				50150F6826DB6C89006D4BDC /* Main.storyboard in Resources */,
			);
			runOnlyForDeploymentPostprocessing = 0;
		};
/* End PBXResourcesBuildPhase section */

/* Begin PBXSourcesBuildPhase section */
		50150F5926DB6C89006D4BDC /* Sources */ = {
			isa = PBXSourcesBuildPhase;
			buildActionMask = 2147483647;
			files = (
				50150F6526DB6C89006D4BDC /* ViewController.swift in Sources */,
				50150F6126DB6C89006D4BDC /* AppDelegate.swift in Sources */,
				50150F6326DB6C89006D4BDC /* SceneDelegate.swift in Sources */,
			);
			runOnlyForDeploymentPostprocessing = 0;
		};
/* End PBXSourcesBuildPhase section */

/* Begin PBXVariantGroup section */
		50150F6626DB6C89006D4BDC /* Main.storyboard */ = {
			isa = PBXVariantGroup;
			children = (
				50150F6726DB6C89006D4BDC /* Base */,
			);
			name = Main.storyboard;
			sourceTree = "<group>";
		};
		50150F6B26DB6C93006D4BDC /* LaunchScreen.storyboard */ = {
			isa = PBXVariantGroup;
			children = (
				50150F6C26DB6C93006D4BDC /* Base */,
			);
			name = LaunchScreen.storyboard;
			sourceTree = "<group>";
		};
/* End PBXVariantGroup section */

/* Begin XCBuildConfiguration section */
		50150F6F26DB6C93006D4BDC /* Debug */ = {
			isa = XCBuildConfiguration;
			buildSettings = {
				ALWAYS_SEARCH_USER_PATHS = NO;
				CLANG_ANALYZER_NONNULL = YES;
				CLANG_ANALYZER_NUMBER_OBJECT_CONVERSION = YES_AGGRESSIVE;
				CLANG_CXX_LANGUAGE_STANDARD = "gnu++14";
				CLANG_CXX_LIBRARY = "libc++";
				CLANG_ENABLE_MODULES = YES;
				CLANG_ENABLE_OBJC_ARC = YES;
				CLANG_ENABLE_OBJC_WEAK = YES;
				CLANG_WARN_BLOCK_CAPTURE_AUTORELEASING = YES;
				CLANG_WARN_BOOL_CONVERSION = YES;
				CLANG_WARN_COMMA = YES;
				CLANG_WARN_CONSTANT_CONVERSION = YES;
				CLANG_WARN_DEPRECATED_OBJC_IMPLEMENTATIONS = YES;
				CLANG_WARN_DIRECT_OBJC_ISA_USAGE = YES_ERROR;
				CLANG_WARN_DOCUMENTATION_COMMENTS = YES;
				CLANG_WARN_EMPTY_BODY = YES;
				CLANG_WARN_ENUM_CONVERSION = YES;
				CLANG_WARN_INFINITE_RECURSION = YES;
				CLANG_WARN_INT_CONVERSION = YES;
				CLANG_WARN_NON_LITERAL_NULL_CONVERSION = YES;
				CLANG_WARN_OBJC_IMPLICIT_RETAIN_SELF = YES;
				CLANG_WARN_OBJC_LITERAL_CONVERSION = YES;
				CLANG_WARN_OBJC_ROOT_CLASS = YES_ERROR;
				CLANG_WARN_QUOTED_INCLUDE_IN_FRAMEWORK_HEADER = YES;
				CLANG_WARN_RANGE_LOOP_ANALYSIS = YES;
				CLANG_WARN_STRICT_PROTOTYPES = YES;
				CLANG_WARN_SUSPICIOUS_MOVE = YES;
				CLANG_WARN_UNGUARDED_AVAILABILITY = YES_AGGRESSIVE;
				CLANG_WARN_UNREACHABLE_CODE = YES;
				CLANG_WARN__DUPLICATE_METHOD_MATCH = YES;
				COPY_PHASE_STRIP = NO;
				DEBUG_INFORMATION_FORMAT = dwarf;
				ENABLE_STRICT_OBJC_MSGSEND = YES;
				ENABLE_TESTABILITY = YES;
				GCC_C_LANGUAGE_STANDARD = gnu11;
				GCC_DYNAMIC_NO_PIC = NO;
				GCC_NO_COMMON_BLOCKS = YES;
				GCC_OPTIMIZATION_LEVEL = 0;
				GCC_PREPROCESSOR_DEFINITIONS = (
					"DEBUG=1",
					"$(inherited)",
				);
				GCC_WARN_64_TO_32_BIT_CONVERSION = YES;
				GCC_WARN_ABOUT_RETURN_TYPE = YES_ERROR;
				GCC_WARN_UNDECLARED_SELECTOR = YES;
				GCC_WARN_UNINITIALIZED_AUTOS = YES_AGGRESSIVE;
				GCC_WARN_UNUSED_FUNCTION = YES;
				GCC_WARN_UNUSED_VARIABLE = YES;
				IPHONEOS_DEPLOYMENT_TARGET = 14.5;
				MTL_ENABLE_DEBUG_INFO = INCLUDE_SOURCE;
				MTL_FAST_MATH = YES;
				ONLY_ACTIVE_ARCH = YES;
				SDKROOT = iphoneos;
				SWIFT_ACTIVE_COMPILATION_CONDITIONS = DEBUG;
				SWIFT_OPTIMIZATION_LEVEL = "-Onone";
			};
			name = Debug;
		};
		50150F7026DB6C93006D4BDC /* Release */ = {
			isa = XCBuildConfiguration;
			buildSettings = {
				ALWAYS_SEARCH_USER_PATHS = NO;
				CLANG_ANALYZER_NONNULL = YES;
				CLANG_ANALYZER_NUMBER_OBJECT_CONVERSION = YES_AGGRESSIVE;
				CLANG_CXX_LANGUAGE_STANDARD = "gnu++14";
				CLANG_CXX_LIBRARY = "libc++";
				CLANG_ENABLE_MODULES = YES;
				CLANG_ENABLE_OBJC_ARC = YES;
				CLANG_ENABLE_OBJC_WEAK = YES;
				CLANG_WARN_BLOCK_CAPTURE_AUTORELEASING = YES;
				CLANG_WARN_BOOL_CONVERSION = YES;
				CLANG_WARN_COMMA = YES;
				CLANG_WARN_CONSTANT_CONVERSION = YES;
				CLANG_WARN_DEPRECATED_OBJC_IMPLEMENTATIONS = YES;
				CLANG_WARN_DIRECT_OBJC_ISA_USAGE = YES_ERROR;
				CLANG_WARN_DOCUMENTATION_COMMENTS = YES;
				CLANG_WARN_EMPTY_BODY = YES;
				CLANG_WARN_ENUM_CONVERSION = YES;
				CLANG_WARN_INFINITE_RECURSION = YES;
				CLANG_WARN_INT_CONVERSION = YES;
				CLANG_WARN_NON_LITERAL_NULL_CONVERSION = YES;
				CLANG_WARN_OBJC_IMPLICIT_RETAIN_SELF = YES;
				CLANG_WARN_OBJC_LITERAL_CONVERSION = YES;
				CLANG_WARN_OBJC_ROOT_CLASS = YES_ERROR;
				CLANG_WARN_QUOTED_INCLUDE_IN_FRAMEWORK_HEADER = YES;
				CLANG_WARN_RANGE_LOOP_ANALYSIS = YES;
				CLANG_WARN_STRICT_PROTOTYPES = YES;
				CLANG_WARN_SUSPICIOUS_MOVE = YES;
				CLANG_WARN_UNGUARDED_AVAILABILITY = YES_AGGRESSIVE;
				CLANG_WARN_UNREACHABLE_CODE = YES;
				CLANG_WARN__DUPLICATE_METHOD_MATCH = YES;
				COPY_PHASE_STRIP = NO;
				DEBUG_INFORMATION_FORMAT = "dwarf-with-dsym";
				ENABLE_NS_ASSERTIONS = NO;
				ENABLE_STRICT_OBJC_MSGSEND = YES;
				GCC_C_LANGUAGE_STANDARD = gnu11;
				GCC_NO_COMMON_BLOCKS = YES;
				GCC_WARN_64_TO_32_BIT_CONVERSION = YES;
				GCC_WARN_ABOUT_RETURN_TYPE = YES_ERROR;
				GCC_WARN_UNDECLARED_SELECTOR = YES;
				GCC_WARN_UNINITIALIZED_AUTOS = YES_AGGRESSIVE;
				GCC_WARN_UNUSED_FUNCTION = YES;
				GCC_WARN_UNUSED_VARIABLE = YES;
				IPHONEOS_DEPLOYMENT_TARGET = 14.5;
				MTL_ENABLE_DEBUG_INFO = NO;
				MTL_FAST_MATH = YES;
				SDKROOT = iphoneos;
				SWIFT_COMPILATION_MODE = wholemodule;
				SWIFT_OPTIMIZATION_LEVEL = "-O";
				VALIDATE_PRODUCT = YES;
			};
			name = Release;
		};
		50150F7226DB6C93006D4BDC /* Debug */ = {
			isa = XCBuildConfiguration;
			buildSettings = {
				ASSETCATALOG_COMPILER_APPICON_NAME = AppIcon;
				ASSETCATALOG_COMPILER_GLOBAL_ACCENT_COLOR_NAME = AccentColor;
				CODE_SIGN_STYLE = Automatic;
				DEVELOPMENT_TEAM = 3HNVGD4736;
				INFOPLIST_FILE = patika_Bootcamp_Odev_1_hafta/Info.plist;
				LD_RUNPATH_SEARCH_PATHS = (
					"$(inherited)",
					"@executable_path/Frameworks",
				);
				PRODUCT_BUNDLE_IDENTIFIER = "com.patika-Bootcamp-Odev-1-hafta";
				PRODUCT_NAME = "$(TARGET_NAME)";
				SWIFT_VERSION = 5.0;
				TARGETED_DEVICE_FAMILY = "1,2";
			};
			name = Debug;
		};
		50150F7326DB6C93006D4BDC /* Release */ = {
			isa = XCBuildConfiguration;
			buildSettings = {
				ASSETCATALOG_COMPILER_APPICON_NAME = AppIcon;
				ASSETCATALOG_COMPILER_GLOBAL_ACCENT_COLOR_NAME = AccentColor;
				CODE_SIGN_STYLE = Automatic;
				DEVELOPMENT_TEAM = 3HNVGD4736;
				INFOPLIST_FILE = patika_Bootcamp_Odev_1_hafta/Info.plist;
				LD_RUNPATH_SEARCH_PATHS = (
					"$(inherited)",
					"@executable_path/Frameworks",
				);
				PRODUCT_BUNDLE_IDENTIFIER = "com.patika-Bootcamp-Odev-1-hafta";
				PRODUCT_NAME = "$(TARGET_NAME)";
				SWIFT_VERSION = 5.0;
				TARGETED_DEVICE_FAMILY = "1,2";
			};
			name = Release;
		};
/* End XCBuildConfiguration section */

/* Begin XCConfigurationList section */
		50150F5826DB6C89006D4BDC /* Build configuration list for PBXProject "patika_Bootcamp_Odev_1_hafta" */ = {
			isa = XCConfigurationList;
			buildConfigurations = (
				50150F6F26DB6C93006D4BDC /* Debug */,
				50150F7026DB6C93006D4BDC /* Release */,
			);
			defaultConfigurationIsVisible = 0;
			defaultConfigurationName = Release;
		};
		50150F7126DB6C93006D4BDC /* Build configuration list for PBXNativeTarget "patika_Bootcamp_Odev_1_hafta" */ = {
			isa = XCConfigurationList;
			buildConfigurations = (
				50150F7226DB6C93006D4BDC /* Debug */,
				50150F7326DB6C93006D4BDC /* Release */,
			);
			defaultConfigurationIsVisible = 0;
			defaultConfigurationName = Release;
		};
/* End XCConfigurationList section */
	};
	rootObject = 50150F5526DB6C89006D4BDC /* Project object */;
}
